
Microsoft Visual Studio Solution File, Format Version 12.00
# Visual Studio Version 16
VisualStudioVersion = 16.0.31702.278
MinimumVisualStudioVersion = 10.0.40219.1
Project("{FAE04EC0-301F-11D3-BF4B-00C04F79EFBC}") = "GameAccountExample", "GameAccountExample.csproj", "{3A73BAA6-FC13-4835-8FC2-75A3835685E5}"
EndProject
Project("{FAE04EC0-301F-11D3-BF4B-00C04F79EFBC}") = "GameAccountExample.Tests", "..\UnitTest\GameAccountExample.Tests.csproj", "{43560BBF-D43F-408E-A207-0F7F20F280B5}"
EndProject
Global
	GlobalSection(SolutionConfigurationPlatforms) = preSolution
		Debug|Any CPU = Debug|Any CPU
		Release|Any CPU = Release|Any CPU
	EndGlobalSection
	GlobalSection(ProjectConfigurationPlatforms) = postSolution
		{3A73BAA6-FC13-4835-8FC2-75A3835685E5}.Debug|Any CPU.ActiveCfg = Debug|Any CPU
		{3A73BAA6-FC13-4835-8FC2-75A3835685E5}.Debug|Any CPU.Build.0 = Debug|Any CPU
		{3A73BAA6-FC13-4835-8FC2-75A3835685E5}.Release|Any CPU.ActiveCfg = Release|Any CPU
		{3A73BAA6-FC13-4835-8FC2-75A3835685E5}.Release|Any CPU.Build.0 = Release|Any CPU
		{43560BBF-D43F-408E-A207-0F7F20F280B5}.Debug|Any CPU.ActiveCfg = Debug|Any CPU
		{43560BBF-D43F-408E-A207-0F7F20F280B5}.Debug|Any CPU.Build.0 = Debug|Any CPU
		{43560BBF-D43F-408E-A207-0F7F20F280B5}.Release|Any CPU.ActiveCfg = Release|Any CPU
		{43560BBF-D43F-408E-A207-0F7F20F280B5}.Release|Any CPU.Build.0 = Release|Any CPU
	EndGlobalSection
	GlobalSection(SolutionProperties) = preSolution
		HideSolutionNode = FALSE
	EndGlobalSection
	GlobalSection(ExtensibilityGlobals) = postSolution
		SolutionGuid = {F5A99F3C-1871-4E7A-BEDA-0BCE84A197EB}
	EndGlobalSection
EndGlobal
