
Microsoft Visual Studio Solution File, Format Version 12.00
# Visual Studio Version 16
VisualStudioVersion = 16.0.31624.102
MinimumVisualStudioVersion = 10.0.40219.1
Project("{FAE04EC0-301F-11D3-BF4B-00C04F79EFBC}") = "DemoOO", "DemoOO.csproj", "{51266C6A-F145-4448-B4C6-E6780C67A424}"
EndProject
Global
	GlobalSection(SolutionConfigurationPlatforms) = preSolution
		Debug|Any CPU = Debug|Any CPU
		Release|Any CPU = Release|Any CPU
	EndGlobalSection
	GlobalSection(ProjectConfigurationPlatforms) = postSolution
		{51266C6A-F145-4448-B4C6-E6780C67A424}.Debug|Any CPU.ActiveCfg = Debug|Any CPU
		{51266C6A-F145-4448-B4C6-E6780C67A424}.Debug|Any CPU.Build.0 = Debug|Any CPU
		{51266C6A-F145-4448-B4C6-E6780C67A424}.Release|Any CPU.ActiveCfg = Release|Any CPU
		{51266C6A-F145-4448-B4C6-E6780C67A424}.Release|Any CPU.Build.0 = Release|Any CPU
	EndGlobalSection
	GlobalSection(SolutionProperties) = preSolution
		HideSolutionNode = FALSE
	EndGlobalSection
	GlobalSection(ExtensibilityGlobals) = postSolution
		SolutionGuid = {B4615971-E122-465F-91C6-CCD5A38563A6}
	EndGlobalSection
EndGlobal
